
Microsoft Visual Studio Solution File, Format Version 12.00
# Visual Studio 15
VisualStudioVersion = 15.0.28307.1738
MinimumVisualStudioVersion = 10.0.40219.1
Project("{FAE04EC0-301F-11D3-BF4B-00C04F79EFBC}") = "Activity7_2", "Activity7_2\Activity7_2.csproj", "{F9C9ACDB-7A44-4624-A6BD-B8E1A47D599C}"
EndProject
Global
	GlobalSection(SolutionConfigurationPlatforms) = preSolution
		Debug|Any CPU = Debug|Any CPU
		Release|Any CPU = Release|Any CPU
	EndGlobalSection
	GlobalSection(ProjectConfigurationPlatforms) = postSolution
		{F9C9ACDB-7A44-4624-A6BD-B8E1A47D599C}.Debug|Any CPU.ActiveCfg = Debug|Any CPU
		{F9C9ACDB-7A44-4624-A6BD-B8E1A47D599C}.Debug|Any CPU.Build.0 = Debug|Any CPU
		{F9C9ACDB-7A44-4624-A6BD-B8E1A47D599C}.Release|Any CPU.ActiveCfg = Release|Any CPU
		{F9C9ACDB-7A44-4624-A6BD-B8E1A47D599C}.Release|Any CPU.Build.0 = Release|Any CPU
	EndGlobalSection
	GlobalSection(SolutionProperties) = preSolution
		HideSolutionNode = FALSE
	EndGlobalSection
	GlobalSection(ExtensibilityGlobals) = postSolution
		SolutionGuid = {3D00D572-C4B6-4B51-A7F5-32D3ECBB6944}
	EndGlobalSection
EndGlobal
