
Microsoft Visual Studio Solution File, Format Version 12.00
# Visual Studio 15
VisualStudioVersion = 15.0.28307.1738
MinimumVisualStudioVersion = 10.0.40219.1
Project("{FAE04EC0-301F-11D3-BF4B-00C04F79EFBC}") = "Presentation", "Presentation\Presentation.csproj", "{0DB3FB38-0F06-400A-914B-6EAAE9F91011}"
EndProject
Project("{FAE04EC0-301F-11D3-BF4B-00C04F79EFBC}") = "Domain", "Domain\Domain.csproj", "{F729B8F0-B1F8-42E4-9692-49495333B733}"
EndProject
Project("{FAE04EC0-301F-11D3-BF4B-00C04F79EFBC}") = "DataAccess", "Presentation\DataAccess\DataAccess.csproj", "{A9A42C2A-980E-4C84-B8EE-6B91E9150317}"
EndProject
Global
	GlobalSection(SolutionConfigurationPlatforms) = preSolution
		Debug|Any CPU = Debug|Any CPU
		Release|Any CPU = Release|Any CPU
	EndGlobalSection
	GlobalSection(ProjectConfigurationPlatforms) = postSolution
		{0DB3FB38-0F06-400A-914B-6EAAE9F91011}.Debug|Any CPU.ActiveCfg = Debug|Any CPU
		{0DB3FB38-0F06-400A-914B-6EAAE9F91011}.Debug|Any CPU.Build.0 = Debug|Any CPU
		{0DB3FB38-0F06-400A-914B-6EAAE9F91011}.Release|Any CPU.ActiveCfg = Release|Any CPU
		{0DB3FB38-0F06-400A-914B-6EAAE9F91011}.Release|Any CPU.Build.0 = Release|Any CPU
		{F729B8F0-B1F8-42E4-9692-49495333B733}.Debug|Any CPU.ActiveCfg = Debug|Any CPU
		{F729B8F0-B1F8-42E4-9692-49495333B733}.Debug|Any CPU.Build.0 = Debug|Any CPU
		{F729B8F0-B1F8-42E4-9692-49495333B733}.Release|Any CPU.ActiveCfg = Release|Any CPU
		{F729B8F0-B1F8-42E4-9692-49495333B733}.Release|Any CPU.Build.0 = Release|Any CPU
		{A9A42C2A-980E-4C84-B8EE-6B91E9150317}.Debug|Any CPU.ActiveCfg = Debug|Any CPU
		{A9A42C2A-980E-4C84-B8EE-6B91E9150317}.Debug|Any CPU.Build.0 = Debug|Any CPU
		{A9A42C2A-980E-4C84-B8EE-6B91E9150317}.Release|Any CPU.ActiveCfg = Release|Any CPU
		{A9A42C2A-980E-4C84-B8EE-6B91E9150317}.Release|Any CPU.Build.0 = Release|Any CPU
	EndGlobalSection
	GlobalSection(SolutionProperties) = preSolution
		HideSolutionNode = FALSE
	EndGlobalSection
	GlobalSection(ExtensibilityGlobals) = postSolution
		SolutionGuid = {76211FAE-EBBC-418A-B41F-323575B1FFBA}
	EndGlobalSection
EndGlobal
