
Microsoft Visual Studio Solution File, Format Version 12.00
# Visual Studio 15
VisualStudioVersion = 15.0.28307.1738
MinimumVisualStudioVersion = 10.0.40219.1
Project("{FAE04EC0-301F-11D3-BF4B-00C04F79EFBC}") = "Activity5_2", "Activity5_2\Activity5_2.csproj", "{681CA1F7-DA59-480B-A7E9-CF45AB923CE1}"
EndProject
Global
	GlobalSection(SolutionConfigurationPlatforms) = preSolution
		Debug|Any CPU = Debug|Any CPU
		Release|Any CPU = Release|Any CPU
	EndGlobalSection
	GlobalSection(ProjectConfigurationPlatforms) = postSolution
		{681CA1F7-DA59-480B-A7E9-CF45AB923CE1}.Debug|Any CPU.ActiveCfg = Debug|Any CPU
		{681CA1F7-DA59-480B-A7E9-CF45AB923CE1}.Debug|Any CPU.Build.0 = Debug|Any CPU
		{681CA1F7-DA59-480B-A7E9-CF45AB923CE1}.Release|Any CPU.ActiveCfg = Release|Any CPU
		{681CA1F7-DA59-480B-A7E9-CF45AB923CE1}.Release|Any CPU.Build.0 = Release|Any CPU
	EndGlobalSection
	GlobalSection(SolutionProperties) = preSolution
		HideSolutionNode = FALSE
	EndGlobalSection
	GlobalSection(ExtensibilityGlobals) = postSolution
		SolutionGuid = {6D00347D-6962-44A3-B8EE-808C9D013B1C}
	EndGlobalSection
EndGlobal
