
Microsoft Visual Studio Solution File, Format Version 12.00
# Visual Studio 15
VisualStudioVersion = 15.0.28307.1738
MinimumVisualStudioVersion = 10.0.40219.1
Project("{FAE04EC0-301F-11D3-BF4B-00C04F79EFBC}") = "Activity10_1", "Activity10_1\Activity10_1.csproj", "{7D3E9A2B-3D55-4B58-A256-41E5DF118C05}"
EndProject
Global
	GlobalSection(SolutionConfigurationPlatforms) = preSolution
		Debug|Any CPU = Debug|Any CPU
		Release|Any CPU = Release|Any CPU
	EndGlobalSection
	GlobalSection(ProjectConfigurationPlatforms) = postSolution
		{7D3E9A2B-3D55-4B58-A256-41E5DF118C05}.Debug|Any CPU.ActiveCfg = Debug|Any CPU
		{7D3E9A2B-3D55-4B58-A256-41E5DF118C05}.Debug|Any CPU.Build.0 = Debug|Any CPU
		{7D3E9A2B-3D55-4B58-A256-41E5DF118C05}.Release|Any CPU.ActiveCfg = Release|Any CPU
		{7D3E9A2B-3D55-4B58-A256-41E5DF118C05}.Release|Any CPU.Build.0 = Release|Any CPU
	EndGlobalSection
	GlobalSection(SolutionProperties) = preSolution
		HideSolutionNode = FALSE
	EndGlobalSection
	GlobalSection(ExtensibilityGlobals) = postSolution
		SolutionGuid = {263AEC9C-B11F-4EBE-8D83-3A77F06A8E4F}
	EndGlobalSection
EndGlobal
