
Microsoft Visual Studio Solution File, Format Version 12.00
# Visual Studio 15
VisualStudioVersion = 15.0.28307.1738
MinimumVisualStudioVersion = 10.0.40219.1
Project("{FAE04EC0-301F-11D3-BF4B-00C04F79EFBC}") = "Activity10_3", "Activity10_3\Activity10_3.csproj", "{07C9F1CC-A6BE-439F-B265-2B77CBD8ABA6}"
EndProject
Global
	GlobalSection(SolutionConfigurationPlatforms) = preSolution
		Debug|Any CPU = Debug|Any CPU
		Release|Any CPU = Release|Any CPU
	EndGlobalSection
	GlobalSection(ProjectConfigurationPlatforms) = postSolution
		{07C9F1CC-A6BE-439F-B265-2B77CBD8ABA6}.Debug|Any CPU.ActiveCfg = Debug|Any CPU
		{07C9F1CC-A6BE-439F-B265-2B77CBD8ABA6}.Debug|Any CPU.Build.0 = Debug|Any CPU
		{07C9F1CC-A6BE-439F-B265-2B77CBD8ABA6}.Release|Any CPU.ActiveCfg = Release|Any CPU
		{07C9F1CC-A6BE-439F-B265-2B77CBD8ABA6}.Release|Any CPU.Build.0 = Release|Any CPU
	EndGlobalSection
	GlobalSection(SolutionProperties) = preSolution
		HideSolutionNode = FALSE
	EndGlobalSection
	GlobalSection(ExtensibilityGlobals) = postSolution
		SolutionGuid = {103B6DB8-91F3-4EE3-9212-FA070C37B445}
	EndGlobalSection
EndGlobal
