
Microsoft Visual Studio Solution File, Format Version 12.00
# Visual Studio 15
VisualStudioVersion = 15.0.28307.1738
MinimumVisualStudioVersion = 10.0.40219.1
Project("{FAE04EC0-301F-11D3-BF4B-00C04F79EFBC}") = "Activity6_1", "Activity6_1\Activity6_1.csproj", "{5584114C-7EA5-4EA9-969A-A842E51F66B5}"
EndProject
Global
	GlobalSection(SolutionConfigurationPlatforms) = preSolution
		Debug|Any CPU = Debug|Any CPU
		Release|Any CPU = Release|Any CPU
	EndGlobalSection
	GlobalSection(ProjectConfigurationPlatforms) = postSolution
		{5584114C-7EA5-4EA9-969A-A842E51F66B5}.Debug|Any CPU.ActiveCfg = Debug|Any CPU
		{5584114C-7EA5-4EA9-969A-A842E51F66B5}.Debug|Any CPU.Build.0 = Debug|Any CPU
		{5584114C-7EA5-4EA9-969A-A842E51F66B5}.Release|Any CPU.ActiveCfg = Release|Any CPU
		{5584114C-7EA5-4EA9-969A-A842E51F66B5}.Release|Any CPU.Build.0 = Release|Any CPU
	EndGlobalSection
	GlobalSection(SolutionProperties) = preSolution
		HideSolutionNode = FALSE
	EndGlobalSection
	GlobalSection(ExtensibilityGlobals) = postSolution
		SolutionGuid = {D3168BF1-5CBB-4CB0-9BE3-CB45CD026861}
	EndGlobalSection
EndGlobal
