
Microsoft Visual Studio Solution File, Format Version 12.00
# Visual Studio 15
VisualStudioVersion = 15.0.28307.1738
MinimumVisualStudioVersion = 10.0.40219.1
Project("{FAE04EC0-301F-11D3-BF4B-00C04F79EFBC}") = "GUIModerno", "GUIModerno\GUIModerno.csproj", "{C48C053C-3B5A-4861-8CC6-B10D96B4962C}"
EndProject
Global
	GlobalSection(SolutionConfigurationPlatforms) = preSolution
		Debug|Any CPU = Debug|Any CPU
		Release|Any CPU = Release|Any CPU
	EndGlobalSection
	GlobalSection(ProjectConfigurationPlatforms) = postSolution
		{C48C053C-3B5A-4861-8CC6-B10D96B4962C}.Debug|Any CPU.ActiveCfg = Debug|Any CPU
		{C48C053C-3B5A-4861-8CC6-B10D96B4962C}.Debug|Any CPU.Build.0 = Debug|Any CPU
		{C48C053C-3B5A-4861-8CC6-B10D96B4962C}.Release|Any CPU.ActiveCfg = Release|Any CPU
		{C48C053C-3B5A-4861-8CC6-B10D96B4962C}.Release|Any CPU.Build.0 = Release|Any CPU
	EndGlobalSection
	GlobalSection(SolutionProperties) = preSolution
		HideSolutionNode = FALSE
	EndGlobalSection
	GlobalSection(ExtensibilityGlobals) = postSolution
		SolutionGuid = {C3C93B28-1B7D-4B7E-A61B-BAD274BFBCC0}
	EndGlobalSection
EndGlobal
