
Microsoft Visual Studio Solution File, Format Version 12.00
# Visual Studio 15
VisualStudioVersion = 15.0.28307.1738
MinimumVisualStudioVersion = 10.0.40219.1
Project("{FAE04EC0-301F-11D3-BF4B-00C04F79EFBC}") = "Activity8_2", "Activity8_2\Activity8_2.csproj", "{CDBD00CF-3B06-48F2-9B31-62A2995C947E}"
EndProject
Global
	GlobalSection(SolutionConfigurationPlatforms) = preSolution
		Debug|Any CPU = Debug|Any CPU
		Release|Any CPU = Release|Any CPU
	EndGlobalSection
	GlobalSection(ProjectConfigurationPlatforms) = postSolution
		{CDBD00CF-3B06-48F2-9B31-62A2995C947E}.Debug|Any CPU.ActiveCfg = Debug|Any CPU
		{CDBD00CF-3B06-48F2-9B31-62A2995C947E}.Debug|Any CPU.Build.0 = Debug|Any CPU
		{CDBD00CF-3B06-48F2-9B31-62A2995C947E}.Release|Any CPU.ActiveCfg = Release|Any CPU
		{CDBD00CF-3B06-48F2-9B31-62A2995C947E}.Release|Any CPU.Build.0 = Release|Any CPU
	EndGlobalSection
	GlobalSection(SolutionProperties) = preSolution
		HideSolutionNode = FALSE
	EndGlobalSection
	GlobalSection(ExtensibilityGlobals) = postSolution
		SolutionGuid = {E8293C17-7CA3-497B-8904-AD627C867497}
	EndGlobalSection
EndGlobal
